// !$*UTF8*$!
{
	archiveVersion = 1;
	classes = {
	};
	objectVersion = 46;
	objects = {

/* Begin PBXBuildFile section */
		71306F811BEC468300ADD097 /* AppDelegate.swift in Sources */ = {isa = PBXBuildFile; fileRef = 71306F801BEC468300ADD097 /* AppDelegate.swift */; };
		71306F861BEC468300ADD097 /* Main.storyboard in Resources */ = {isa = PBXBuildFile; fileRef = 71306F841BEC468300ADD097 /* Main.storyboard */; };
		71306F881BEC468300ADD097 /* Assets.xcassets in Resources */ = {isa = PBXBuildFile; fileRef = 71306F871BEC468300ADD097 /* Assets.xcassets */; };
		71306F8B1BEC468300ADD097 /* LaunchScreen.storyboard in Resources */ = {isa = PBXBuildFile; fileRef = 71306F891BEC468300ADD097 /* LaunchScreen.storyboard */; };
		71306F961BEC468400ADD097 /* ERecycle1_0Tests.swift in Sources */ = {isa = PBXBuildFile; fileRef = 71306F951BEC468400ADD097 /* ERecycle1_0Tests.swift */; };
		71306FA11BEC468400ADD097 /* ERecycle1_0UITests.swift in Sources */ = {isa = PBXBuildFile; fileRef = 71306FA01BEC468400ADD097 /* ERecycle1_0UITests.swift */; };
		7167F70C1BF0EE390042EDFB /* AddressTableViewController.swift in Sources */ = {isa = PBXBuildFile; fileRef = 7167F70B1BF0EE390042EDFB /* AddressTableViewController.swift */; };
		71A23E811BEE2DC000B064F6 /* RemarksViewController.swift in Sources */ = {isa = PBXBuildFile; fileRef = 71A23E801BEE2DC000B064F6 /* RemarksViewController.swift */; };
		71A23EC21BEE489E00B064F6 /* AddAddressViewController.swift in Sources */ = {isa = PBXBuildFile; fileRef = 71A23EC11BEE489E00B064F6 /* AddAddressViewController.swift */; };
		71A23EE41BEF13A400B064F6 /* OrderingTableViewController.swift in Sources */ = {isa = PBXBuildFile; fileRef = 71A23EE31BEF13A400B064F6 /* OrderingTableViewController.swift */; };
		71A34AED1BEC60A400973A5F /* LoginViewController.swift in Sources */ = {isa = PBXBuildFile; fileRef = 71A34AEC1BEC60A400973A5F /* LoginViewController.swift */; };
		71A34AEF1BEC60AF00973A5F /* HomeViewController.swift in Sources */ = {isa = PBXBuildFile; fileRef = 71A34AEE1BEC60AF00973A5F /* HomeViewController.swift */; };
/* End PBXBuildFile section */

/* Begin PBXContainerItemProxy section */
		71306F921BEC468400ADD097 /* PBXContainerItemProxy */ = {
			isa = PBXContainerItemProxy;
			containerPortal = 71306F751BEC468300ADD097 /* Project object */;
			proxyType = 1;
			remoteGlobalIDString = 71306F7C1BEC468300ADD097;
			remoteInfo = ERecycle1.0;
		};
		71306F9D1BEC468400ADD097 /* PBXContainerItemProxy */ = {
			isa = PBXContainerItemProxy;
			containerPortal = 71306F751BEC468300ADD097 /* Project object */;
			proxyType = 1;
			remoteGlobalIDString = 71306F7C1BEC468300ADD097;
			remoteInfo = ERecycle1.0;
		};
/* End PBXContainerItemProxy section */

/* Begin PBXFileReference section */
		71306F7D1BEC468300ADD097 /* ERecycle1.0.app */ = {isa = PBXFileReference; explicitFileType = wrapper.application; includeInIndex = 0; path = ERecycle1.0.app; sourceTree = BUILT_PRODUCTS_DIR; };
		71306F801BEC468300ADD097 /* AppDelegate.swift */ = {isa = PBXFileReference; lastKnownFileType = sourcecode.swift; path = AppDelegate.swift; sourceTree = "<group>"; };
		71306F851BEC468300ADD097 /* Base */ = {isa = PBXFileReference; lastKnownFileType = file.storyboard; name = Base; path = Base.lproj/Main.storyboard; sourceTree = "<group>"; };
		71306F871BEC468300ADD097 /* Assets.xcassets */ = {isa = PBXFileReference; lastKnownFileType = folder.assetcatalog; path = Assets.xcassets; sourceTree = "<group>"; };
		71306F8A1BEC468300ADD097 /* Base */ = {isa = PBXFileReference; lastKnownFileType = file.storyboard; name = Base; path = Base.lproj/LaunchScreen.storyboard; sourceTree = "<group>"; };
		71306F8C1BEC468300ADD097 /* Info.plist */ = {isa = PBXFileReference; lastKnownFileType = text.plist.xml; path = Info.plist; sourceTree = "<group>"; };
		71306F911BEC468400ADD097 /* ERecycle1.0Tests.xctest */ = {isa = PBXFileReference; explicitFileType = wrapper.cfbundle; includeInIndex = 0; path = ERecycle1.0Tests.xctest; sourceTree = BUILT_PRODUCTS_DIR; };
		71306F951BEC468400ADD097 /* ERecycle1_0Tests.swift */ = {isa = PBXFileReference; lastKnownFileType = sourcecode.swift; path = ERecycle1_0Tests.swift; sourceTree = "<group>"; };
		71306F971BEC468400ADD097 /* Info.plist */ = {isa = PBXFileReference; lastKnownFileType = text.plist.xml; path = Info.plist; sourceTree = "<group>"; };
		71306F9C1BEC468400ADD097 /* ERecycle1.0UITests.xctest */ = {isa = PBXFileReference; explicitFileType = wrapper.cfbundle; includeInIndex = 0; path = ERecycle1.0UITests.xctest; sourceTree = BUILT_PRODUCTS_DIR; };
		71306FA01BEC468400ADD097 /* ERecycle1_0UITests.swift */ = {isa = PBXFileReference; lastKnownFileType = sourcecode.swift; path = ERecycle1_0UITests.swift; sourceTree = "<group>"; };
		71306FA21BEC468400ADD097 /* Info.plist */ = {isa = PBXFileReference; lastKnownFileType = text.plist.xml; path = Info.plist; sourceTree = "<group>"; };
		7167F70B1BF0EE390042EDFB /* AddressTableViewController.swift */ = {isa = PBXFileReference; fileEncoding = 4; lastKnownFileType = sourcecode.swift; path = AddressTableViewController.swift; sourceTree = "<group>"; };
		71A23E801BEE2DC000B064F6 /* RemarksViewController.swift */ = {isa = PBXFileReference; fileEncoding = 4; lastKnownFileType = sourcecode.swift; path = RemarksViewController.swift; sourceTree = "<group>"; };
		71A23EC11BEE489E00B064F6 /* AddAddressViewController.swift */ = {isa = PBXFileReference; fileEncoding = 4; lastKnownFileType = sourcecode.swift; path = AddAddressViewController.swift; sourceTree = "<group>"; };
		71A23EE31BEF13A400B064F6 /* OrderingTableViewController.swift */ = {isa = PBXFileReference; fileEncoding = 4; lastKnownFileType = sourcecode.swift; path = OrderingTableViewController.swift; sourceTree = "<group>"; };
		71A34AEC1BEC60A400973A5F /* LoginViewController.swift */ = {isa = PBXFileReference; fileEncoding = 4; lastKnownFileType = sourcecode.swift; path = LoginViewController.swift; sourceTree = "<group>"; };
		71A34AEE1BEC60AF00973A5F /* HomeViewController.swift */ = {isa = PBXFileReference; fileEncoding = 4; lastKnownFileType = sourcecode.swift; path = HomeViewController.swift; sourceTree = "<group>"; };
/* End PBXFileReference section */

/* Begin PBXFrameworksBuildPhase section */
		71306F7A1BEC468300ADD097 /* Frameworks */ = {
			isa = PBXFrameworksBuildPhase;
			buildActionMask = 2147483647;
			files = (
			);
			runOnlyForDeploymentPostprocessing = 0;
		};
		71306F8E1BEC468400ADD097 /* Frameworks */ = {
			isa = PBXFrameworksBuildPhase;
			buildActionMask = 2147483647;
			files = (
			);
			runOnlyForDeploymentPostprocessing = 0;
		};
		71306F991BEC468400ADD097 /* Frameworks */ = {
			isa = PBXFrameworksBuildPhase;
			buildActionMask = 2147483647;
			files = (
			);
			runOnlyForDeploymentPostprocessing = 0;
		};
/* End PBXFrameworksBuildPhase section */

/* Begin PBXGroup section */
		71306F741BEC468300ADD097 = {
			isa = PBXGroup;
			children = (
				71306F7F1BEC468300ADD097 /* ERecycle1.0 */,
				71306F941BEC468400ADD097 /* ERecycle1.0Tests */,
				71306F9F1BEC468400ADD097 /* ERecycle1.0UITests */,
				71306F7E1BEC468300ADD097 /* Products */,
			);
			sourceTree = "<group>";
		};
		71306F7E1BEC468300ADD097 /* Products */ = {
			isa = PBXGroup;
			children = (
				71306F7D1BEC468300ADD097 /* ERecycle1.0.app */,
				71306F911BEC468400ADD097 /* ERecycle1.0Tests.xctest */,
				71306F9C1BEC468400ADD097 /* ERecycle1.0UITests.xctest */,
			);
			name = Products;
			sourceTree = "<group>";
		};
		71306F7F1BEC468300ADD097 /* ERecycle1.0 */ = {
			isa = PBXGroup;
			children = (
				71306F801BEC468300ADD097 /* AppDelegate.swift */,
				71A34AEC1BEC60A400973A5F /* LoginViewController.swift */,
				71A34AEE1BEC60AF00973A5F /* HomeViewController.swift */,
				71A23EE31BEF13A400B064F6 /* OrderingTableViewController.swift */,
				7167F70B1BF0EE390042EDFB /* AddressTableViewController.swift */,
				71A23EC11BEE489E00B064F6 /* AddAddressViewController.swift */,
				71A23E801BEE2DC000B064F6 /* RemarksViewController.swift */,
				71306F841BEC468300ADD097 /* Main.storyboard */,
				71306F871BEC468300ADD097 /* Assets.xcassets */,
				71306F891BEC468300ADD097 /* LaunchScreen.storyboard */,
				71306F8C1BEC468300ADD097 /* Info.plist */,
			);
			path = ERecycle1.0;
			sourceTree = "<group>";
		};
		71306F941BEC468400ADD097 /* ERecycle1.0Tests */ = {
			isa = PBXGroup;
			children = (
				71306F951BEC468400ADD097 /* ERecycle1_0Tests.swift */,
				71306F971BEC468400ADD097 /* Info.plist */,
			);
			path = ERecycle1.0Tests;
			sourceTree = "<group>";
		};
		71306F9F1BEC468400ADD097 /* ERecycle1.0UITests */ = {
			isa = PBXGroup;
			children = (
				71306FA01BEC468400ADD097 /* ERecycle1_0UITests.swift */,
				71306FA21BEC468400ADD097 /* Info.plist */,
			);
			path = ERecycle1.0UITests;
			sourceTree = "<group>";
		};
/* End PBXGroup section */

/* Begin PBXNativeTarget section */
		71306F7C1BEC468300ADD097 /* ERecycle1.0 */ = {
			isa = PBXNativeTarget;
			buildConfigurationList = 71306FA51BEC468400ADD097 /* Build configuration list for PBXNativeTarget "ERecycle1.0" */;
			buildPhases = (
				71306F791BEC468300ADD097 /* Sources */,
				71306F7A1BEC468300ADD097 /* Frameworks */,
				71306F7B1BEC468300ADD097 /* Resources */,
			);
			buildRules = (
			);
			dependencies = (
			);
			name = ERecycle1.0;
			productName = ERecycle1.0;
			productReference = 71306F7D1BEC468300ADD097 /* ERecycle1.0.app */;
			productType = "com.apple.product-type.application";
		};
		71306F901BEC468400ADD097 /* ERecycle1.0Tests */ = {
			isa = PBXNativeTarget;
			buildConfigurationList = 71306FA81BEC468400ADD097 /* Build configuration list for PBXNativeTarget "ERecycle1.0Tests" */;
			buildPhases = (
				71306F8D1BEC468400ADD097 /* Sources */,
				71306F8E1BEC468400ADD097 /* Frameworks */,
				71306F8F1BEC468400ADD097 /* Resources */,
			);
			buildRules = (
			);
			dependencies = (
				71306F931BEC468400ADD097 /* PBXTargetDependency */,
			);
			name = ERecycle1.0Tests;
			productName = ERecycle1.0Tests;
			productReference = 71306F911BEC468400ADD097 /* ERecycle1.0Tests.xctest */;
			productType = "com.apple.product-type.bundle.unit-test";
		};
		71306F9B1BEC468400ADD097 /* ERecycle1.0UITests */ = {
			isa = PBXNativeTarget;
			buildConfigurationList = 71306FAB1BEC468400ADD097 /* Build configuration list for PBXNativeTarget "ERecycle1.0UITests" */;
			buildPhases = (
				71306F981BEC468400ADD097 /* Sources */,
				71306F991BEC468400ADD097 /* Frameworks */,
				71306F9A1BEC468400ADD097 /* Resources */,
			);
			buildRules = (
			);
			dependencies = (
				71306F9E1BEC468400ADD097 /* PBXTargetDependency */,
			);
			name = ERecycle1.0UITests;
			productName = ERecycle1.0UITests;
			productReference = 71306F9C1BEC468400ADD097 /* ERecycle1.0UITests.xctest */;
			productType = "com.apple.product-type.bundle.ui-testing";
		};
/* End PBXNativeTarget section */

/* Begin PBXProject section */
		71306F751BEC468300ADD097 /* Project object */ = {
			isa = PBXProject;
			attributes = {
				LastSwiftUpdateCheck = 0710;
				LastUpgradeCheck = 0710;
				ORGANIZATIONNAME = sea;
				TargetAttributes = {
					71306F7C1BEC468300ADD097 = {
						CreatedOnToolsVersion = 7.1;
						DevelopmentTeam = XP337TBJQ7;
					};
					71306F901BEC468400ADD097 = {
						CreatedOnToolsVersion = 7.1;
						DevelopmentTeam = XP337TBJQ7;
						TestTargetID = 71306F7C1BEC468300ADD097;
					};
					71306F9B1BEC468400ADD097 = {
						CreatedOnToolsVersion = 7.1;
						DevelopmentTeam = XP337TBJQ7;
						TestTargetID = 71306F7C1BEC468300ADD097;
					};
				};
			};
			buildConfigurationList = 71306F781BEC468300ADD097 /* Build configuration list for PBXProject "ERecycle1.0" */;
			compatibilityVersion = "Xcode 3.2";
			developmentRegion = English;
			hasScannedForEncodings = 0;
			knownRegions = (
				en,
				Base,
			);
			mainGroup = 71306F741BEC468300ADD097;
			productRefGroup = 71306F7E1BEC468300ADD097 /* Products */;
			projectDirPath = "";
			projectRoot = "";
			targets = (
				71306F7C1BEC468300ADD097 /* ERecycle1.0 */,
				71306F901BEC468400ADD097 /* ERecycle1.0Tests */,
				71306F9B1BEC468400ADD097 /* ERecycle1.0UITests */,
			);
		};
/* End PBXProject section */

/* Begin PBXResourcesBuildPhase section */
		71306F7B1BEC468300ADD097 /* Resources */ = {
			isa = PBXResourcesBuildPhase;
			buildActionMask = 2147483647;
			files = (
				71306F8B1BEC468300ADD097 /* LaunchScreen.storyboard in Resources */,
				71306F881BEC468300ADD097 /* Assets.xcassets in Resources */,
				71306F861BEC468300ADD097 /* Main.storyboard in Resources */,
			);
			runOnlyForDeploymentPostprocessing = 0;
		};
		71306F8F1BEC468400ADD097 /* Resources */ = {
			isa = PBXResourcesBuildPhase;
			buildActionMask = 2147483647;
			files = (
			);
			runOnlyForDeploymentPostprocessing = 0;
		};
		71306F9A1BEC468400ADD097 /* Resources */ = {
			isa = PBXResourcesBuildPhase;
			buildActionMask = 2147483647;
			files = (
			);
			runOnlyForDeploymentPostprocessing = 0;
		};
/* End PBXResourcesBuildPhase section */

/* Begin PBXSourcesBuildPhase section */
		71306F791BEC468300ADD097 /* Sources */ = {
			isa = PBXSourcesBuildPhase;
			buildActionMask = 2147483647;
			files = (
				71A34AED1BEC60A400973A5F /* LoginViewController.swift in Sources */,
				71A23EE41BEF13A400B064F6 /* OrderingTableViewController.swift in Sources */,
				71A23EC21BEE489E00B064F6 /* AddAddressViewController.swift in Sources */,
				71306F811BEC468300ADD097 /* AppDelegate.swift in Sources */,
				71A23E811BEE2DC000B064F6 /* RemarksViewController.swift in Sources */,
				7167F70C1BF0EE390042EDFB /* AddressTableViewController.swift in Sources */,
				71A34AEF1BEC60AF00973A5F /* HomeViewController.swift in Sources */,
			);
			runOnlyForDeploymentPostprocessing = 0;
		};
		71306F8D1BEC468400ADD097 /* Sources */ = {
			isa = PBXSourcesBuildPhase;
			buildActionMask = 2147483647;
			files = (
				71306F961BEC468400ADD097 /* ERecycle1_0Tests.swift in Sources */,
			);
			runOnlyForDeploymentPostprocessing = 0;
		};
		71306F981BEC468400ADD097 /* Sources */ = {
			isa = PBXSourcesBuildPhase;
			buildActionMask = 2147483647;
			files = (
				71306FA11BEC468400ADD097 /* ERecycle1_0UITests.swift in Sources */,
			);
			runOnlyForDeploymentPostprocessing = 0;
		};
/* End PBXSourcesBuildPhase section */

/* Begin PBXTargetDependency section */
		71306F931BEC468400ADD097 /* PBXTargetDependency */ = {
			isa = PBXTargetDependency;
			target = 71306F7C1BEC468300ADD097 /* ERecycle1.0 */;
			targetProxy = 71306F921BEC468400ADD097 /* PBXContainerItemProxy */;
		};
		71306F9E1BEC468400ADD097 /* PBXTargetDependency */ = {
			isa = PBXTargetDependency;
			target = 71306F7C1BEC468300ADD097 /* ERecycle1.0 */;
			targetProxy = 71306F9D1BEC468400ADD097 /* PBXContainerItemProxy */;
		};
/* End PBXTargetDependency section */

/* Begin PBXVariantGroup section */
		71306F841BEC468300ADD097 /* Main.storyboard */ = {
			isa = PBXVariantGroup;
			children = (
				71306F851BEC468300ADD097 /* Base */,
			);
			name = Main.storyboard;
			sourceTree = "<group>";
		};
		71306F891BEC468300ADD097 /* LaunchScreen.storyboard */ = {
			isa = PBXVariantGroup;
			children = (
				71306F8A1BEC468300ADD097 /* Base */,
			);
			name = LaunchScreen.storyboard;
			sourceTree = "<group>";
		};
/* End PBXVariantGroup section */

/* Begin XCBuildConfiguration section */
		71306FA31BEC468400ADD097 /* Debug */ = {
			isa = XCBuildConfiguration;
			buildSettings = {
				ALWAYS_SEARCH_USER_PATHS = NO;
				CLANG_CXX_LANGUAGE_STANDARD = "gnu++0x";
				CLANG_CXX_LIBRARY = "libc++";
				CLANG_ENABLE_MODULES = YES;
				CLANG_ENABLE_OBJC_ARC = YES;
				CLANG_WARN_BOOL_CONVERSION = YES;
				CLANG_WARN_CONSTANT_CONVERSION = YES;
				CLANG_WARN_DIRECT_OBJC_ISA_USAGE = YES_ERROR;
				CLANG_WARN_EMPTY_BODY = YES;
				CLANG_WARN_ENUM_CONVERSION = YES;
				CLANG_WARN_INT_CONVERSION = YES;
				CLANG_WARN_OBJC_ROOT_CLASS = YES_ERROR;
				CLANG_WARN_UNREACHABLE_CODE = YES;
				CLANG_WARN__DUPLICATE_METHOD_MATCH = YES;
				"CODE_SIGN_IDENTITY[sdk=iphoneos*]" = "iPhone Developer";
				COPY_PHASE_STRIP = NO;
				DEBUG_INFORMATION_FORMAT = dwarf;
				ENABLE_STRICT_OBJC_MSGSEND = YES;
				ENABLE_TESTABILITY = YES;
				GCC_C_LANGUAGE_STANDARD = gnu99;
				GCC_DYNAMIC_NO_PIC = NO;
				GCC_NO_COMMON_BLOCKS = YES;
				GCC_OPTIMIZATION_LEVEL = 0;
				GCC_PREPROCESSOR_DEFINITIONS = (
					"DEBUG=1",
					"$(inherited)",
				);
				GCC_WARN_64_TO_32_BIT_CONVERSION = YES;
				GCC_WARN_ABOUT_RETURN_TYPE = YES_ERROR;
				GCC_WARN_UNDECLARED_SELECTOR = YES;
				GCC_WARN_UNINITIALIZED_AUTOS = YES_AGGRESSIVE;
				GCC_WARN_UNUSED_FUNCTION = YES;
				GCC_WARN_UNUSED_VARIABLE = YES;
				IPHONEOS_DEPLOYMENT_TARGET = 9.1;
				MTL_ENABLE_DEBUG_INFO = YES;
				ONLY_ACTIVE_ARCH = YES;
				SDKROOT = iphoneos;
				SWIFT_OPTIMIZATION_LEVEL = "-Onone";
			};
			name = Debug;
		};
		71306FA41BEC468400ADD097 /* Release */ = {
			isa = XCBuildConfiguration;
			buildSettings = {
				ALWAYS_SEARCH_USER_PATHS = NO;
				CLANG_CXX_LANGUAGE_STANDARD = "gnu++0x";
				CLANG_CXX_LIBRARY = "libc++";
				CLANG_ENABLE_MODULES = YES;
				CLANG_ENABLE_OBJC_ARC = YES;
				CLANG_WARN_BOOL_CONVERSION = YES;
				CLANG_WARN_CONSTANT_CONVERSION = YES;
				CLANG_WARN_DIRECT_OBJC_ISA_USAGE = YES_ERROR;
				CLANG_WARN_EMPTY_BODY = YES;
				CLANG_WARN_ENUM_CONVERSION = YES;
				CLANG_WARN_INT_CONVERSION = YES;
				CLANG_WARN_OBJC_ROOT_CLASS = YES_ERROR;
				CLANG_WARN_UNREACHABLE_CODE = YES;
				CLANG_WARN__DUPLICATE_METHOD_MATCH = YES;
				"CODE_SIGN_IDENTITY[sdk=iphoneos*]" = "iPhone Developer";
				COPY_PHASE_STRIP = NO;
				DEBUG_INFORMATION_FORMAT = "dwarf-with-dsym";
				ENABLE_NS_ASSERTIONS = NO;
				ENABLE_STRICT_OBJC_MSGSEND = YES;
				GCC_C_LANGUAGE_STANDARD = gnu99;
				GCC_NO_COMMON_BLOCKS = YES;
				GCC_WARN_64_TO_32_BIT_CONVERSION = YES;
				GCC_WARN_ABOUT_RETURN_TYPE = YES_ERROR;
				GCC_WARN_UNDECLARED_SELECTOR = YES;
				GCC_WARN_UNINITIALIZED_AUTOS = YES_AGGRESSIVE;
				GCC_WARN_UNUSED_FUNCTION = YES;
				GCC_WARN_UNUSED_VARIABLE = YES;
				IPHONEOS_DEPLOYMENT_TARGET = 9.1;
				MTL_ENABLE_DEBUG_INFO = NO;
				SDKROOT = iphoneos;
				VALIDATE_PRODUCT = YES;
			};
			name = Release;
		};
		71306FA61BEC468400ADD097 /* Debug */ = {
			isa = XCBuildConfiguration;
			buildSettings = {
				ASSETCATALOG_COMPILER_APPICON_NAME = AppIcon;
				INFOPLIST_FILE = ERecycle1.0/Info.plist;
				LD_RUNPATH_SEARCH_PATHS = "$(inherited) @executable_path/Frameworks";
				PRODUCT_BUNDLE_IDENTIFIER = "seasong.ERecycle1-0";
				PRODUCT_NAME = "$(TARGET_NAME)";
			};
			name = Debug;
		};
		71306FA71BEC468400ADD097 /* Release */ = {
			isa = XCBuildConfiguration;
			buildSettings = {
				ASSETCATALOG_COMPILER_APPICON_NAME = AppIcon;
				INFOPLIST_FILE = ERecycle1.0/Info.plist;
				LD_RUNPATH_SEARCH_PATHS = "$(inherited) @executable_path/Frameworks";
				PRODUCT_BUNDLE_IDENTIFIER = "seasong.ERecycle1-0";
				PRODUCT_NAME = "$(TARGET_NAME)";
			};
			name = Release;
		};
		71306FA91BEC468400ADD097 /* Debug */ = {
			isa = XCBuildConfiguration;
			buildSettings = {
				BUNDLE_LOADER = "$(TEST_HOST)";
				INFOPLIST_FILE = ERecycle1.0Tests/Info.plist;
				LD_RUNPATH_SEARCH_PATHS = "$(inherited) @executable_path/Frameworks @loader_path/Frameworks";
				PRODUCT_BUNDLE_IDENTIFIER = "seasong.ERecycle1-0Tests";
				PRODUCT_NAME = "$(TARGET_NAME)";
				TEST_HOST = "$(BUILT_PRODUCTS_DIR)/ERecycle1.0.app/ERecycle1.0";
			};
			name = Debug;
		};
		71306FAA1BEC468400ADD097 /* Release */ = {
			isa = XCBuildConfiguration;
			buildSettings = {
				BUNDLE_LOADER = "$(TEST_HOST)";
				INFOPLIST_FILE = ERecycle1.0Tests/Info.plist;
				LD_RUNPATH_SEARCH_PATHS = "$(inherited) @executable_path/Frameworks @loader_path/Frameworks";
				PRODUCT_BUNDLE_IDENTIFIER = "seasong.ERecycle1-0Tests";
				PRODUCT_NAME = "$(TARGET_NAME)";
				TEST_HOST = "$(BUILT_PRODUCTS_DIR)/ERecycle1.0.app/ERecycle1.0";
			};
			name = Release;
		};
		71306FAC1BEC468400ADD097 /* Debug */ = {
			isa = XCBuildConfiguration;
			buildSettings = {
				INFOPLIST_FILE = ERecycle1.0UITests/Info.plist;
				LD_RUNPATH_SEARCH_PATHS = "$(inherited) @executable_path/Frameworks @loader_path/Frameworks";
				PRODUCT_BUNDLE_IDENTIFIER = "seasong.ERecycle1-0UITests";
				PRODUCT_NAME = "$(TARGET_NAME)";
				TEST_TARGET_NAME = ERecycle1.0;
				USES_XCTRUNNER = YES;
			};
			name = Debug;
		};
		71306FAD1BEC468400ADD097 /* Release */ = {
			isa = XCBuildConfiguration;
			buildSettings = {
				INFOPLIST_FILE = ERecycle1.0UITests/Info.plist;
				LD_RUNPATH_SEARCH_PATHS = "$(inherited) @executable_path/Frameworks @loader_path/Frameworks";
				PRODUCT_BUNDLE_IDENTIFIER = "seasong.ERecycle1-0UITests";
				PRODUCT_NAME = "$(TARGET_NAME)";
				TEST_TARGET_NAME = ERecycle1.0;
				USES_XCTRUNNER = YES;
			};
			name = Release;
		};
/* End XCBuildConfiguration section */

/* Begin XCConfigurationList section */
		71306F781BEC468300ADD097 /* Build configuration list for PBXProject "ERecycle1.0" */ = {
			isa = XCConfigurationList;
			buildConfigurations = (
				71306FA31BEC468400ADD097 /* Debug */,
				71306FA41BEC468400ADD097 /* Release */,
			);
			defaultConfigurationIsVisible = 0;
			defaultConfigurationName = Release;
		};
		71306FA51BEC468400ADD097 /* Build configuration list for PBXNativeTarget "ERecycle1.0" */ = {
			isa = XCConfigurationList;
			buildConfigurations = (
				71306FA61BEC468400ADD097 /* Debug */,
				71306FA71BEC468400ADD097 /* Release */,
			);
			defaultConfigurationIsVisible = 0;
			defaultConfigurationName = Release;
		};
		71306FA81BEC468400ADD097 /* Build configuration list for PBXNativeTarget "ERecycle1.0Tests" */ = {
			isa = XCConfigurationList;
			buildConfigurations = (
				71306FA91BEC468400ADD097 /* Debug */,
				71306FAA1BEC468400ADD097 /* Release */,
			);
			defaultConfigurationIsVisible = 0;
			defaultConfigurationName = Release;
		};
		71306FAB1BEC468400ADD097 /* Build configuration list for PBXNativeTarget "ERecycle1.0UITests" */ = {
			isa = XCConfigurationList;
			buildConfigurations = (
				71306FAC1BEC468400ADD097 /* Debug */,
				71306FAD1BEC468400ADD097 /* Release */,
			);
			defaultConfigurationIsVisible = 0;
			defaultConfigurationName = Release;
		};
/* End XCConfigurationList section */
	};
	rootObject = 71306F751BEC468300ADD097 /* Project object */;
}
